
Microsoft Visual Studio Solution File, Format Version 12.00
# Visual Studio Version 17
VisualStudioVersion = 17.9.34714.143
MinimumVisualStudioVersion = 10.0.40219.1
Project("{FAE04EC0-301F-11D3-BF4B-00C04F79EFBC}") = "Hm_garage", "Hm_garage\Hm_garage.csproj", "{C820C98D-B796-408B-A24B-C1C85AED0DBD}"
EndProject
Global
	GlobalSection(SolutionConfigurationPlatforms) = preSolution
		Debug|Any CPU = Debug|Any CPU
		Release|Any CPU = Release|Any CPU
	EndGlobalSection
	GlobalSection(ProjectConfigurationPlatforms) = postSolution
		{C820C98D-B796-408B-A24B-C1C85AED0DBD}.Debug|Any CPU.ActiveCfg = Debug|Any CPU
		{C820C98D-B796-408B-A24B-C1C85AED0DBD}.Debug|Any CPU.Build.0 = Debug|Any CPU
		{C820C98D-B796-408B-A24B-C1C85AED0DBD}.Release|Any CPU.ActiveCfg = Release|Any CPU
		{C820C98D-B796-408B-A24B-C1C85AED0DBD}.Release|Any CPU.Build.0 = Release|Any CPU
	EndGlobalSection
	GlobalSection(SolutionProperties) = preSolution
		HideSolutionNode = FALSE
	EndGlobalSection
	GlobalSection(ExtensibilityGlobals) = postSolution
		SolutionGuid = {CD62FEEF-024F-4FBE-A5DA-0A292BD11FE0}
	EndGlobalSection
EndGlobal
